{
  "name": "tag-it",
  "version": "0.0.0",
  "lockfileVersion": 3,
  "requires": true,
  "packages": {
    "": {
      "name": "tag-it",
      "version": "0.0.0",
      "dependencies": {
        "@popperjs/core": "^2.11.8",
        "bootstrap": "^5.3.3",
        "bootstrap-icons": "^1.11.3",
        "bootstrap-icons-vue": "^1.11.3",
        "cal": "^0.0.4",
        "firebase": "^10.9.0",
        "firebaseui": "^6.1.0",
        "router": "^2.0.0-beta.2",
        "vue": "^3.4.21",
        "vue-cal": "^4.3.1",
        "vue-router": "^4.3.0"
      },
      "devDependencies": {
        "@vitejs/plugin-vue": "^5.0.4",
        "autoprefixer": "^10.4.4",
        "postcss": "^8.4.12",
        "vite": "^5.1.6"
      }
    },
    "node_modules/@babel/parser": {
      "version": "7.24.1",
      "license": "MIT",
      "bin": {
        "parser": "bin/babel-parser.js"
      },
      "engines": {
        "node": ">=6.0.0"
      }
    },
    "node_modules/@esbuild/win32-x64": {
      "version": "0.20.2",
      "cpu": [
        "x64"
      ],
      "dev": true,
      "license": "MIT",
      "optional": true,
      "os": [
        "win32"
      ],
      "engines": {
        "node": ">=12"
      }
    },
    "node_modules/@fastify/busboy": {
      "version": "2.1.1",
      "license": "MIT",
      "engines": {
        "node": ">=14"
      }
    },
    "node_modules/@firebase/analytics": {
      "version": "0.10.2",
      "license": "Apache-2.0",
      "dependencies": {
        "@firebase/component": "0.6.6",
        "@firebase/installations": "0.6.6",
        "@firebase/logger": "0.4.1",
        "@firebase/util": "1.9.5",
        "tslib": "^2.1.0"
      },
      "peerDependencies": {
        "@firebase/app": "0.x"
      }
    },
    "node_modules/@firebase/analytics-compat": {
      "version": "0.2.8",
      "license": "Apache-2.0",
      "dependencies": {
        "@firebase/analytics": "0.10.2",
        "@firebase/analytics-types": "0.8.1",
        "@firebase/component": "0.6.6",
        "@firebase/util": "1.9.5",
        "tslib": "^2.1.0"
      },
      "peerDependencies": {
        "@firebase/app-compat": "0.x"
      }
    },
    "node_modules/@firebase/analytics-types": {
      "version": "0.8.1",
      "license": "Apache-2.0"
    },
    "node_modules/@firebase/app": {
      "version": "0.10.0",
      "license": "Apache-2.0",
      "dependencies": {
        "@firebase/component": "0.6.6",
        "@firebase/logger": "0.4.1",
        "@firebase/util": "1.9.5",
        "idb": "7.1.1",
        "tslib": "^2.1.0"
      }
    },
    "node_modules/@firebase/app-check": {
      "version": "0.8.3",
      "license": "Apache-2.0",
      "dependencies": {
        "@firebase/component": "0.6.6",
        "@firebase/logger": "0.4.1",
        "@firebase/util": "1.9.5",
        "tslib": "^2.1.0"
      },
      "peerDependencies": {
        "@firebase/app": "0.x"
      }
    },
    "node_modules/@firebase/app-check-compat": {
      "version": "0.3.10",
      "license": "Apache-2.0",
      "dependencies": {
        "@firebase/app-check": "0.8.3",
        "@firebase/app-check-types": "0.5.1",
        "@firebase/component": "0.6.6",
        "@firebase/logger": "0.4.1",
        "@firebase/util": "1.9.5",
        "tslib": "^2.1.0"
      },
      "peerDependencies": {
        "@firebase/app-compat": "0.x"
      }
    },
    "node_modules/@firebase/app-check-interop-types": {
      "version": "0.3.1",
      "license": "Apache-2.0"
    },
    "node_modules/@firebase/app-check-types": {
      "version": "0.5.1",
      "license": "Apache-2.0"
    },
    "node_modules/@firebase/app-compat": {
      "version": "0.2.30",
      "license": "Apache-2.0",
      "dependencies": {
        "@firebase/app": "0.10.0",
        "@firebase/component": "0.6.6",
        "@firebase/logger": "0.4.1",
        "@firebase/util": "1.9.5",
        "tslib": "^2.1.0"
      }
    },
    "node_modules/@firebase/app-types": {
      "version": "0.9.1",
      "license": "Apache-2.0"
    },
    "node_modules/@firebase/auth": {
      "version": "1.7.0",
      "license": "Apache-2.0",
      "dependencies": {
        "@firebase/component": "0.6.6",
        "@firebase/logger": "0.4.1",
        "@firebase/util": "1.9.5",
        "tslib": "^2.1.0",
        "undici": "5.28.3"
      },
      "peerDependencies": {
        "@firebase/app": "0.x",
        "@react-native-async-storage/async-storage": "^1.18.1"
      },
      "peerDependenciesMeta": {
        "@react-native-async-storage/async-storage": {
          "optional": true
        }
      }
    },
    "node_modules/@firebase/auth-compat": {
      "version": "0.5.5",
      "license": "Apache-2.0",
      "dependencies": {
        "@firebase/auth": "1.7.0",
        "@firebase/auth-types": "0.12.1",
        "@firebase/component": "0.6.6",
        "@firebase/util": "1.9.5",
        "tslib": "^2.1.0",
        "undici": "5.28.3"
      },
      "peerDependencies": {
        "@firebase/app-compat": "0.x"
      }
    },
    "node_modules/@firebase/auth-interop-types": {
      "version": "0.2.2",
      "license": "Apache-2.0"
    },
    "node_modules/@firebase/auth-types": {
      "version": "0.12.1",
      "license": "Apache-2.0",
      "peerDependencies": {
        "@firebase/app-types": "0.x",
        "@firebase/util": "1.x"
      }
    },
    "node_modules/@firebase/component": {
      "version": "0.6.6",
      "license": "Apache-2.0",
      "dependencies": {
        "@firebase/util": "1.9.5",
        "tslib": "^2.1.0"
      }
    },
    "node_modules/@firebase/database": {
      "version": "1.0.4",
      "license": "Apache-2.0",
      "dependencies": {
        "@firebase/app-check-interop-types": "0.3.1",
        "@firebase/auth-interop-types": "0.2.2",
        "@firebase/component": "0.6.6",
        "@firebase/logger": "0.4.1",
        "@firebase/util": "1.9.5",
        "faye-websocket": "0.11.4",
        "tslib": "^2.1.0"
      }
    },
    "node_modules/@firebase/database-compat": {
      "version": "1.0.4",
      "license": "Apache-2.0",
      "dependencies": {
        "@firebase/component": "0.6.6",
        "@firebase/database": "1.0.4",
        "@firebase/database-types": "1.0.2",
        "@firebase/logger": "0.4.1",
        "@firebase/util": "1.9.5",
        "tslib": "^2.1.0"
      }
    },
    "node_modules/@firebase/database-types": {
      "version": "1.0.2",
      "license": "Apache-2.0",
      "dependencies": {
        "@firebase/app-types": "0.9.1",
        "@firebase/util": "1.9.5"
      }
    },
    "node_modules/@firebase/firestore": {
      "version": "4.5.1",
      "license": "Apache-2.0",
      "dependencies": {
        "@firebase/component": "0.6.6",
        "@firebase/logger": "0.4.1",
        "@firebase/util": "1.9.5",
        "@firebase/webchannel-wrapper": "0.10.6",
        "@grpc/grpc-js": "~1.9.0",
        "@grpc/proto-loader": "^0.7.8",
        "tslib": "^2.1.0",
        "undici": "5.28.3"
      },
      "engines": {
        "node": ">=10.10.0"
      },
      "peerDependencies": {
        "@firebase/app": "0.x"
      }
    },
    "node_modules/@firebase/firestore-compat": {
      "version": "0.3.28",
      "license": "Apache-2.0",
      "dependencies": {
        "@firebase/component": "0.6.6",
        "@firebase/firestore": "4.5.1",
        "@firebase/firestore-types": "3.0.1",
        "@firebase/util": "1.9.5",
        "tslib": "^2.1.0"
      },
      "peerDependencies": {
        "@firebase/app-compat": "0.x"
      }
    },
    "node_modules/@firebase/firestore-types": {
      "version": "3.0.1",
      "license": "Apache-2.0",
      "peerDependencies": {
        "@firebase/app-types": "0.x",
        "@firebase/util": "1.x"
      }
    },
    "node_modules/@firebase/functions": {
      "version": "0.11.3",
      "license": "Apache-2.0",
      "dependencies": {
        "@firebase/app-check-interop-types": "0.3.1",
        "@firebase/auth-interop-types": "0.2.2",
        "@firebase/component": "0.6.6",
        "@firebase/messaging-interop-types": "0.2.1",
        "@firebase/util": "1.9.5",
        "tslib": "^2.1.0",
        "undici": "5.28.3"
      },
      "peerDependencies": {
        "@firebase/app": "0.x"
      }
    },
    "node_modules/@firebase/functions-compat": {
      "version": "0.3.9",
      "license": "Apache-2.0",
      "dependencies": {
        "@firebase/component": "0.6.6",
        "@firebase/functions": "0.11.3",
        "@firebase/functions-types": "0.6.1",
        "@firebase/util": "1.9.5",
        "tslib": "^2.1.0"
      },
      "peerDependencies": {
        "@firebase/app-compat": "0.x"
      }
    },
    "node_modules/@firebase/functions-types": {
      "version": "0.6.1",
      "license": "Apache-2.0"
    },
    "node_modules/@firebase/installations": {
      "version": "0.6.6",
      "license": "Apache-2.0",
      "dependencies": {
        "@firebase/component": "0.6.6",
        "@firebase/util": "1.9.5",
        "idb": "7.1.1",
        "tslib": "^2.1.0"
      },
      "peerDependencies": {
        "@firebase/app": "0.x"
      }
    },
    "node_modules/@firebase/installations-compat": {
      "version": "0.2.6",
      "license": "Apache-2.0",
      "dependencies": {
        "@firebase/component": "0.6.6",
        "@firebase/installations": "0.6.6",
        "@firebase/installations-types": "0.5.1",
        "@firebase/util": "1.9.5",
        "tslib": "^2.1.0"
      },
      "peerDependencies": {
        "@firebase/app-compat": "0.x"
      }
    },
    "node_modules/@firebase/installations-types": {
      "version": "0.5.1",
      "license": "Apache-2.0",
      "peerDependencies": {
        "@firebase/app-types": "0.x"
      }
    },
    "node_modules/@firebase/logger": {
      "version": "0.4.1",
      "license": "Apache-2.0",
      "dependencies": {
        "tslib": "^2.1.0"
      }
    },
    "node_modules/@firebase/messaging": {
      "version": "0.12.7",
      "license": "Apache-2.0",
      "dependencies": {
        "@firebase/component": "0.6.6",
        "@firebase/installations": "0.6.6",
        "@firebase/messaging-interop-types": "0.2.1",
        "@firebase/util": "1.9.5",
        "idb": "7.1.1",
        "tslib": "^2.1.0"
      },
      "peerDependencies": {
        "@firebase/app": "0.x"
      }
    },
    "node_modules/@firebase/messaging-compat": {
      "version": "0.2.7",
      "license": "Apache-2.0",
      "dependencies": {
        "@firebase/component": "0.6.6",
        "@firebase/messaging": "0.12.7",
        "@firebase/util": "1.9.5",
        "tslib": "^2.1.0"
      },
      "peerDependencies": {
        "@firebase/app-compat": "0.x"
      }
    },
    "node_modules/@firebase/messaging-interop-types": {
      "version": "0.2.1",
      "license": "Apache-2.0"
    },
    "node_modules/@firebase/performance": {
      "version": "0.6.6",
      "license": "Apache-2.0",
      "dependencies": {
        "@firebase/component": "0.6.6",
        "@firebase/installations": "0.6.6",
        "@firebase/logger": "0.4.1",
        "@firebase/util": "1.9.5",
        "tslib": "^2.1.0"
      },
      "peerDependencies": {
        "@firebase/app": "0.x"
      }
    },
    "node_modules/@firebase/performance-compat": {
      "version": "0.2.6",
      "license": "Apache-2.0",
      "dependencies": {
        "@firebase/component": "0.6.6",
        "@firebase/logger": "0.4.1",
        "@firebase/performance": "0.6.6",
        "@firebase/performance-types": "0.2.1",
        "@firebase/util": "1.9.5",
        "tslib": "^2.1.0"
      },
      "peerDependencies": {
        "@firebase/app-compat": "0.x"
      }
    },
    "node_modules/@firebase/performance-types": {
      "version": "0.2.1",
      "license": "Apache-2.0"
    },
    "node_modules/@firebase/remote-config": {
      "version": "0.4.6",
      "license": "Apache-2.0",
      "dependencies": {
        "@firebase/component": "0.6.6",
        "@firebase/installations": "0.6.6",
        "@firebase/logger": "0.4.1",
        "@firebase/util": "1.9.5",
        "tslib": "^2.1.0"
      },
      "peerDependencies": {
        "@firebase/app": "0.x"
      }
    },
    "node_modules/@firebase/remote-config-compat": {
      "version": "0.2.6",
      "license": "Apache-2.0",
      "dependencies": {
        "@firebase/component": "0.6.6",
        "@firebase/logger": "0.4.1",
        "@firebase/remote-config": "0.4.6",
        "@firebase/remote-config-types": "0.3.1",
        "@firebase/util": "1.9.5",
        "tslib": "^2.1.0"
      },
      "peerDependencies": {
        "@firebase/app-compat": "0.x"
      }
    },
    "node_modules/@firebase/remote-config-types": {
      "version": "0.3.1",
      "license": "Apache-2.0"
    },
    "node_modules/@firebase/storage": {
      "version": "0.12.3",
      "license": "Apache-2.0",
      "dependencies": {
        "@firebase/component": "0.6.6",
        "@firebase/util": "1.9.5",
        "tslib": "^2.1.0",
        "undici": "5.28.3"
      },
      "peerDependencies": {
        "@firebase/app": "0.x"
      }
    },
    "node_modules/@firebase/storage-compat": {
      "version": "0.3.6",
      "license": "Apache-2.0",
      "dependencies": {
        "@firebase/component": "0.6.6",
        "@firebase/storage": "0.12.3",
        "@firebase/storage-types": "0.8.1",
        "@firebase/util": "1.9.5",
        "tslib": "^2.1.0"
      },
      "peerDependencies": {
        "@firebase/app-compat": "0.x"
      }
    },
    "node_modules/@firebase/storage-types": {
      "version": "0.8.1",
      "license": "Apache-2.0",
      "peerDependencies": {
        "@firebase/app-types": "0.x",
        "@firebase/util": "1.x"
      }
    },
    "node_modules/@firebase/util": {
      "version": "1.9.5",
      "license": "Apache-2.0",
      "dependencies": {
        "tslib": "^2.1.0"
      }
    },
    "node_modules/@firebase/webchannel-wrapper": {
      "version": "0.10.6",
      "license": "Apache-2.0"
    },
    "node_modules/@grpc/grpc-js": {
      "version": "1.9.14",
      "license": "Apache-2.0",
      "dependencies": {
        "@grpc/proto-loader": "^0.7.8",
        "@types/node": ">=12.12.47"
      },
      "engines": {
        "node": "^8.13.0 || >=10.10.0"
      }
    },
    "node_modules/@grpc/proto-loader": {
      "version": "0.7.12",
      "license": "Apache-2.0",
      "dependencies": {
        "lodash.camelcase": "^4.3.0",
        "long": "^5.0.0",
        "protobufjs": "^7.2.4",
        "yargs": "^17.7.2"
      },
      "bin": {
        "proto-loader-gen-types": "build/bin/proto-loader-gen-types.js"
      },
      "engines": {
        "node": ">=6"
      }
    },
    "node_modules/@jridgewell/sourcemap-codec": {
      "version": "1.4.15",
      "license": "MIT"
    },
    "node_modules/@popperjs/core": {
      "version": "2.11.8",
      "license": "MIT",
      "funding": {
        "type": "opencollective",
        "url": "https://opencollective.com/popperjs"
      }
    },
    "node_modules/@protobufjs/aspromise": {
      "version": "1.1.2",
      "license": "BSD-3-Clause"
    },
    "node_modules/@protobufjs/base64": {
      "version": "1.1.2",
      "license": "BSD-3-Clause"
    },
    "node_modules/@protobufjs/codegen": {
      "version": "2.0.4",
      "license": "BSD-3-Clause"
    },
    "node_modules/@protobufjs/eventemitter": {
      "version": "1.1.0",
      "license": "BSD-3-Clause"
    },
    "node_modules/@protobufjs/fetch": {
      "version": "1.1.0",
      "license": "BSD-3-Clause",
      "dependencies": {
        "@protobufjs/aspromise": "^1.1.1",
        "@protobufjs/inquire": "^1.1.0"
      }
    },
    "node_modules/@protobufjs/float": {
      "version": "1.0.2",
      "license": "BSD-3-Clause"
    },
    "node_modules/@protobufjs/inquire": {
      "version": "1.1.0",
      "license": "BSD-3-Clause"
    },
    "node_modules/@protobufjs/path": {
      "version": "1.1.2",
      "license": "BSD-3-Clause"
    },
    "node_modules/@protobufjs/pool": {
      "version": "1.1.0",
      "license": "BSD-3-Clause"
    },
    "node_modules/@protobufjs/utf8": {
      "version": "1.1.0",
      "license": "BSD-3-Clause"
    },
    "node_modules/@rollup/rollup-win32-x64-msvc": {
      "version": "4.14.0",
      "cpu": [
        "x64"
      ],
      "dev": true,
      "license": "MIT",
      "optional": true,
      "os": [
        "win32"
      ]
    },
    "node_modules/@types/estree": {
      "version": "1.0.5",
      "dev": true,
      "license": "MIT"
    },
    "node_modules/@types/node": {
      "version": "20.12.3",
      "license": "MIT",
      "dependencies": {
        "undici-types": "~5.26.4"
      }
    },
    "node_modules/@vitejs/plugin-vue": {
      "version": "5.0.4",
      "dev": true,
      "license": "MIT",
      "engines": {
        "node": "^18.0.0 || >=20.0.0"
      },
      "peerDependencies": {
        "vite": "^5.0.0",
        "vue": "^3.2.25"
      }
    },
    "node_modules/@vue/compiler-core": {
      "version": "3.4.21",
      "license": "MIT",
      "dependencies": {
        "@babel/parser": "^7.23.9",
        "@vue/shared": "3.4.21",
        "entities": "^4.5.0",
        "estree-walker": "^2.0.2",
        "source-map-js": "^1.0.2"
      }
    },
    "node_modules/@vue/compiler-dom": {
      "version": "3.4.21",
      "license": "MIT",
      "dependencies": {
        "@vue/compiler-core": "3.4.21",
        "@vue/shared": "3.4.21"
      }
    },
    "node_modules/@vue/compiler-sfc": {
      "version": "3.4.21",
      "license": "MIT",
      "dependencies": {
        "@babel/parser": "^7.23.9",
        "@vue/compiler-core": "3.4.21",
        "@vue/compiler-dom": "3.4.21",
        "@vue/compiler-ssr": "3.4.21",
        "@vue/shared": "3.4.21",
        "estree-walker": "^2.0.2",
        "magic-string": "^0.30.7",
        "postcss": "^8.4.35",
        "source-map-js": "^1.0.2"
      }
    },
    "node_modules/@vue/compiler-ssr": {
      "version": "3.4.21",
      "license": "MIT",
      "dependencies": {
        "@vue/compiler-dom": "3.4.21",
        "@vue/shared": "3.4.21"
      }
    },
    "node_modules/@vue/devtools-api": {
      "version": "6.6.1",
      "license": "MIT"
    },
    "node_modules/@vue/reactivity": {
      "version": "3.4.21",
      "license": "MIT",
      "dependencies": {
        "@vue/shared": "3.4.21"
      }
    },
    "node_modules/@vue/runtime-core": {
      "version": "3.4.21",
      "license": "MIT",
      "dependencies": {
        "@vue/reactivity": "3.4.21",
        "@vue/shared": "3.4.21"
      }
    },
    "node_modules/@vue/runtime-dom": {
      "version": "3.4.21",
      "license": "MIT",
      "dependencies": {
        "@vue/runtime-core": "3.4.21",
        "@vue/shared": "3.4.21",
        "csstype": "^3.1.3"
      }
    },
    "node_modules/@vue/server-renderer": {
      "version": "3.4.21",
      "license": "MIT",
      "dependencies": {
        "@vue/compiler-ssr": "3.4.21",
        "@vue/shared": "3.4.21"
      },
      "peerDependencies": {
        "vue": "3.4.21"
      }
    },
    "node_modules/@vue/shared": {
      "version": "3.4.21",
      "license": "MIT"
    },
    "node_modules/ansi-regex": {
      "version": "5.0.1",
      "license": "MIT",
      "engines": {
        "node": ">=8"
      }
    },
    "node_modules/ansi-styles": {
      "version": "4.3.0",
      "license": "MIT",
      "dependencies": {
        "color-convert": "^2.0.1"
      },
      "engines": {
        "node": ">=8"
      },
      "funding": {
        "url": "https://github.com/chalk/ansi-styles?sponsor=1"
      }
    },
    "node_modules/array-flatten": {
      "version": "3.0.0",
      "license": "MIT"
    },
    "node_modules/autoprefixer": {
      "version": "10.4.19",
      "dev": true,
      "funding": [
        {
          "type": "opencollective",
          "url": "https://opencollective.com/postcss/"
        },
        {
          "type": "tidelift",
          "url": "https://tidelift.com/funding/github/npm/autoprefixer"
        },
        {
          "type": "github",
          "url": "https://github.com/sponsors/ai"
        }
      ],
      "license": "MIT",
      "dependencies": {
        "browserslist": "^4.23.0",
        "caniuse-lite": "^1.0.30001599",
        "fraction.js": "^4.3.7",
        "normalize-range": "^0.1.2",
        "picocolors": "^1.0.0",
        "postcss-value-parser": "^4.2.0"
      },
      "bin": {
        "autoprefixer": "bin/autoprefixer"
      },
      "engines": {
        "node": "^10 || ^12 || >=14"
      },
      "peerDependencies": {
        "postcss": "^8.1.0"
      }
    },
    "node_modules/bootstrap": {
      "version": "5.3.3",
      "funding": [
        {
          "type": "github",
          "url": "https://github.com/sponsors/twbs"
        },
        {
          "type": "opencollective",
          "url": "https://opencollective.com/bootstrap"
        }
      ],
      "license": "MIT",
      "peerDependencies": {
        "@popperjs/core": "^2.11.8"
      }
    },
    "node_modules/bootstrap-icons": {
      "version": "1.11.3",
      "funding": [
        {
          "type": "github",
          "url": "https://github.com/sponsors/twbs"
        },
        {
          "type": "opencollective",
          "url": "https://opencollective.com/bootstrap"
        }
      ],
      "license": "MIT"
    },
    "node_modules/bootstrap-icons-vue": {
      "version": "1.11.3",
      "license": "MIT"
    },
    "node_modules/browserslist": {
      "version": "4.23.0",
      "dev": true,
      "funding": [
        {
          "type": "opencollective",
          "url": "https://opencollective.com/browserslist"
        },
        {
          "type": "tidelift",
          "url": "https://tidelift.com/funding/github/npm/browserslist"
        },
        {
          "type": "github",
          "url": "https://github.com/sponsors/ai"
        }
      ],
      "license": "MIT",
      "dependencies": {
        "caniuse-lite": "^1.0.30001587",
        "electron-to-chromium": "^1.4.668",
        "node-releases": "^2.0.14",
        "update-browserslist-db": "^1.0.13"
      },
      "bin": {
        "browserslist": "cli.js"
      },
      "engines": {
        "node": "^6 || ^7 || ^8 || ^9 || ^10 || ^11 || ^12 || >=13.7"
      }
    },
    "node_modules/cal": {
      "version": "0.0.4",
      "license": "ISC",
      "bin": {
        "cal": "bin/index.js"
      }
    },
    "node_modules/caniuse-lite": {
      "version": "1.0.30001605",
      "dev": true,
      "funding": [
        {
          "type": "opencollective",
          "url": "https://opencollective.com/browserslist"
        },
        {
          "type": "tidelift",
          "url": "https://tidelift.com/funding/github/npm/caniuse-lite"
        },
        {
          "type": "github",
          "url": "https://github.com/sponsors/ai"
        }
      ],
      "license": "CC-BY-4.0"
    },
    "node_modules/cliui": {
      "version": "8.0.1",
      "license": "ISC",
      "dependencies": {
        "string-width": "^4.2.0",
        "strip-ansi": "^6.0.1",
        "wrap-ansi": "^7.0.0"
      },
      "engines": {
        "node": ">=12"
      }
    },
    "node_modules/color-convert": {
      "version": "2.0.1",
      "license": "MIT",
      "dependencies": {
        "color-name": "~1.1.4"
      },
      "engines": {
        "node": ">=7.0.0"
      }
    },
    "node_modules/color-name": {
      "version": "1.1.4",
      "license": "MIT"
    },
    "node_modules/csstype": {
      "version": "3.1.3",
      "license": "MIT"
    },
    "node_modules/dialog-polyfill": {
      "version": "0.4.10",
      "license": "BSD"
    },
    "node_modules/electron-to-chromium": {
      "version": "1.4.724",
      "dev": true,
      "license": "ISC"
    },
    "node_modules/emoji-regex": {
      "version": "8.0.0",
      "license": "MIT"
    },
    "node_modules/entities": {
      "version": "4.5.0",
      "license": "BSD-2-Clause",
      "engines": {
        "node": ">=0.12"
      },
      "funding": {
        "url": "https://github.com/fb55/entities?sponsor=1"
      }
    },
    "node_modules/esbuild": {
      "version": "0.20.2",
      "dev": true,
      "hasInstallScript": true,
      "license": "MIT",
      "bin": {
        "esbuild": "bin/esbuild"
      },
      "engines": {
        "node": ">=12"
      },
      "optionalDependencies": {
        "@esbuild/aix-ppc64": "0.20.2",
        "@esbuild/android-arm": "0.20.2",
        "@esbuild/android-arm64": "0.20.2",
        "@esbuild/android-x64": "0.20.2",
        "@esbuild/darwin-arm64": "0.20.2",
        "@esbuild/darwin-x64": "0.20.2",
        "@esbuild/freebsd-arm64": "0.20.2",
        "@esbuild/freebsd-x64": "0.20.2",
        "@esbuild/linux-arm": "0.20.2",
        "@esbuild/linux-arm64": "0.20.2",
        "@esbuild/linux-ia32": "0.20.2",
        "@esbuild/linux-loong64": "0.20.2",
        "@esbuild/linux-mips64el": "0.20.2",
        "@esbuild/linux-ppc64": "0.20.2",
        "@esbuild/linux-riscv64": "0.20.2",
        "@esbuild/linux-s390x": "0.20.2",
        "@esbuild/linux-x64": "0.20.2",
        "@esbuild/netbsd-x64": "0.20.2",
        "@esbuild/openbsd-x64": "0.20.2",
        "@esbuild/sunos-x64": "0.20.2",
        "@esbuild/win32-arm64": "0.20.2",
        "@esbuild/win32-ia32": "0.20.2",
        "@esbuild/win32-x64": "0.20.2"
      }
    },
    "node_modules/escalade": {
      "version": "3.1.2",
      "license": "MIT",
      "engines": {
        "node": ">=6"
      }
    },
    "node_modules/estree-walker": {
      "version": "2.0.2",
      "license": "MIT"
    },
    "node_modules/faye-websocket": {
      "version": "0.11.4",
      "license": "Apache-2.0",
      "dependencies": {
        "websocket-driver": ">=0.5.1"
      },
      "engines": {
        "node": ">=0.8.0"
      }
    },
    "node_modules/firebase": {
      "version": "10.10.0",
      "license": "Apache-2.0",
      "dependencies": {
        "@firebase/analytics": "0.10.2",
        "@firebase/analytics-compat": "0.2.8",
        "@firebase/app": "0.10.0",
        "@firebase/app-check": "0.8.3",
        "@firebase/app-check-compat": "0.3.10",
        "@firebase/app-compat": "0.2.30",
        "@firebase/app-types": "0.9.1",
        "@firebase/auth": "1.7.0",
        "@firebase/auth-compat": "0.5.5",
        "@firebase/database": "1.0.4",
        "@firebase/database-compat": "1.0.4",
        "@firebase/firestore": "4.5.1",
        "@firebase/firestore-compat": "0.3.28",
        "@firebase/functions": "0.11.3",
        "@firebase/functions-compat": "0.3.9",
        "@firebase/installations": "0.6.6",
        "@firebase/installations-compat": "0.2.6",
        "@firebase/messaging": "0.12.7",
        "@firebase/messaging-compat": "0.2.7",
        "@firebase/performance": "0.6.6",
        "@firebase/performance-compat": "0.2.6",
        "@firebase/remote-config": "0.4.6",
        "@firebase/remote-config-compat": "0.2.6",
        "@firebase/storage": "0.12.3",
        "@firebase/storage-compat": "0.3.6",
        "@firebase/util": "1.9.5"
      }
    },
    "node_modules/firebaseui": {
      "version": "6.1.0",
      "license": "Apache-2.0",
      "dependencies": {
        "dialog-polyfill": "^0.4.7",
        "material-design-lite": "^1.2.0"
      },
      "peerDependencies": {
        "firebase": "^9.1.3 || ^10.0.0"
      }
    },
    "node_modules/fraction.js": {
      "version": "4.3.7",
      "dev": true,
      "license": "MIT",
      "engines": {
        "node": "*"
      },
      "funding": {
        "type": "patreon",
        "url": "https://github.com/sponsors/rawify"
      }
    },
    "node_modules/get-caller-file": {
      "version": "2.0.5",
      "license": "ISC",
      "engines": {
        "node": "6.* || 8.* || >= 10.*"
      }
    },
    "node_modules/http-parser-js": {
      "version": "0.5.8",
      "license": "MIT"
    },
    "node_modules/idb": {
      "version": "7.1.1",
      "license": "ISC"
    },
    "node_modules/is-fullwidth-code-point": {
      "version": "3.0.0",
      "license": "MIT",
      "engines": {
        "node": ">=8"
      }
    },
    "node_modules/is-promise": {
      "version": "4.0.0",
      "license": "MIT"
    },
    "node_modules/lodash.camelcase": {
      "version": "4.3.0",
      "license": "MIT"
    },
    "node_modules/long": {
      "version": "5.2.3",
      "license": "Apache-2.0"
    },
    "node_modules/magic-string": {
      "version": "0.30.8",
      "license": "MIT",
      "dependencies": {
        "@jridgewell/sourcemap-codec": "^1.4.15"
      },
      "engines": {
        "node": ">=12"
      }
    },
    "node_modules/material-design-lite": {
      "version": "1.3.0",
      "license": "Apache-2.0",
      "engines": {
        "node": ">=0.12.0"
      }
    },
    "node_modules/methods": {
      "version": "1.1.2",
      "license": "MIT",
      "engines": {
        "node": ">= 0.6"
      }
    },
    "node_modules/nanoid": {
      "version": "3.3.7",
      "funding": [
        {
          "type": "github",
          "url": "https://github.com/sponsors/ai"
        }
      ],
      "license": "MIT",
      "bin": {
        "nanoid": "bin/nanoid.cjs"
      },
      "engines": {
        "node": "^10 || ^12 || ^13.7 || ^14 || >=15.0.1"
      }
    },
    "node_modules/node-releases": {
      "version": "2.0.14",
      "dev": true,
      "license": "MIT"
    },
    "node_modules/normalize-range": {
      "version": "0.1.2",
      "dev": true,
      "license": "MIT",
      "engines": {
        "node": ">=0.10.0"
      }
    },
    "node_modules/parseurl": {
      "version": "1.3.3",
      "license": "MIT",
      "engines": {
        "node": ">= 0.8"
      }
    },
    "node_modules/path-to-regexp": {
      "version": "3.2.0",
      "license": "MIT"
    },
    "node_modules/picocolors": {
      "version": "1.0.0",
      "license": "ISC"
    },
    "node_modules/postcss": {
      "version": "8.4.38",
      "funding": [
        {
          "type": "opencollective",
          "url": "https://opencollective.com/postcss/"
        },
        {
          "type": "tidelift",
          "url": "https://tidelift.com/funding/github/npm/postcss"
        },
        {
          "type": "github",
          "url": "https://github.com/sponsors/ai"
        }
      ],
      "license": "MIT",
      "dependencies": {
        "nanoid": "^3.3.7",
        "picocolors": "^1.0.0",
        "source-map-js": "^1.2.0"
      },
      "engines": {
        "node": "^10 || ^12 || >=14"
      }
    },
    "node_modules/postcss-value-parser": {
      "version": "4.2.0",
      "dev": true,
      "license": "MIT"
    },
    "node_modules/protobufjs": {
      "version": "7.2.6",
      "hasInstallScript": true,
      "license": "BSD-3-Clause",
      "dependencies": {
        "@protobufjs/aspromise": "^1.1.2",
        "@protobufjs/base64": "^1.1.2",
        "@protobufjs/codegen": "^2.0.4",
        "@protobufjs/eventemitter": "^1.1.0",
        "@protobufjs/fetch": "^1.1.0",
        "@protobufjs/float": "^1.0.2",
        "@protobufjs/inquire": "^1.1.0",
        "@protobufjs/path": "^1.1.2",
        "@protobufjs/pool": "^1.1.0",
        "@protobufjs/utf8": "^1.1.0",
        "@types/node": ">=13.7.0",
        "long": "^5.0.0"
      },
      "engines": {
        "node": ">=12.0.0"
      }
    },
    "node_modules/require-directory": {
      "version": "2.1.1",
      "license": "MIT",
      "engines": {
        "node": ">=0.10.0"
      }
    },
    "node_modules/rollup": {
      "version": "4.14.0",
      "dev": true,
      "license": "MIT",
      "dependencies": {
        "@types/estree": "1.0.5"
      },
      "bin": {
        "rollup": "dist/bin/rollup"
      },
      "engines": {
        "node": ">=18.0.0",
        "npm": ">=8.0.0"
      },
      "optionalDependencies": {
        "@rollup/rollup-android-arm-eabi": "4.14.0",
        "@rollup/rollup-android-arm64": "4.14.0",
        "@rollup/rollup-darwin-arm64": "4.14.0",
        "@rollup/rollup-darwin-x64": "4.14.0",
        "@rollup/rollup-linux-arm-gnueabihf": "4.14.0",
        "@rollup/rollup-linux-arm64-gnu": "4.14.0",
        "@rollup/rollup-linux-arm64-musl": "4.14.0",
        "@rollup/rollup-linux-powerpc64le-gnu": "4.14.0",
        "@rollup/rollup-linux-riscv64-gnu": "4.14.0",
        "@rollup/rollup-linux-s390x-gnu": "4.14.0",
        "@rollup/rollup-linux-x64-gnu": "4.14.0",
        "@rollup/rollup-linux-x64-musl": "4.14.0",
        "@rollup/rollup-win32-arm64-msvc": "4.14.0",
        "@rollup/rollup-win32-ia32-msvc": "4.14.0",
        "@rollup/rollup-win32-x64-msvc": "4.14.0",
        "fsevents": "~2.3.2"
      }
    },
    "node_modules/router": {
      "version": "2.0.0-beta.2",
      "license": "MIT",
      "dependencies": {
        "array-flatten": "3.0.0",
        "is-promise": "4.0.0",
        "methods": "~1.1.2",
        "parseurl": "~1.3.3",
        "path-to-regexp": "3.2.0",
        "setprototypeof": "1.2.0",
        "utils-merge": "1.0.1"
      },
      "engines": {
        "node": ">= 0.10"
      }
    },
    "node_modules/safe-buffer": {
      "version": "5.2.1",
      "funding": [
        {
          "type": "github",
          "url": "https://github.com/sponsors/feross"
        },
        {
          "type": "patreon",
          "url": "https://www.patreon.com/feross"
        },
        {
          "type": "consulting",
          "url": "https://feross.org/support"
        }
      ],
      "license": "MIT"
    },
    "node_modules/setprototypeof": {
      "version": "1.2.0",
      "license": "ISC"
    },
    "node_modules/source-map-js": {
      "version": "1.2.0",
      "license": "BSD-3-Clause",
      "engines": {
        "node": ">=0.10.0"
      }
    },
    "node_modules/string-width": {
      "version": "4.2.3",
      "license": "MIT",
      "dependencies": {
        "emoji-regex": "^8.0.0",
        "is-fullwidth-code-point": "^3.0.0",
        "strip-ansi": "^6.0.1"
      },
      "engines": {
        "node": ">=8"
      }
    },
    "node_modules/strip-ansi": {
      "version": "6.0.1",
      "license": "MIT",
      "dependencies": {
        "ansi-regex": "^5.0.1"
      },
      "engines": {
        "node": ">=8"
      }
    },
    "node_modules/tslib": {
      "version": "2.6.2",
      "license": "0BSD"
    },
    "node_modules/undici": {
      "version": "5.28.3",
      "license": "MIT",
      "dependencies": {
        "@fastify/busboy": "^2.0.0"
      },
      "engines": {
        "node": ">=14.0"
      }
    },
    "node_modules/undici-types": {
      "version": "5.26.5",
      "license": "MIT"
    },
    "node_modules/update-browserslist-db": {
      "version": "1.0.13",
      "dev": true,
      "funding": [
        {
          "type": "opencollective",
          "url": "https://opencollective.com/browserslist"
        },
        {
          "type": "tidelift",
          "url": "https://tidelift.com/funding/github/npm/browserslist"
        },
        {
          "type": "github",
          "url": "https://github.com/sponsors/ai"
        }
      ],
      "license": "MIT",
      "dependencies": {
        "escalade": "^3.1.1",
        "picocolors": "^1.0.0"
      },
      "bin": {
        "update-browserslist-db": "cli.js"
      },
      "peerDependencies": {
        "browserslist": ">= 4.21.0"
      }
    },
    "node_modules/utils-merge": {
      "version": "1.0.1",
      "license": "MIT",
      "engines": {
        "node": ">= 0.4.0"
      }
    },
    "node_modules/vite": {
      "version": "5.2.8",
      "dev": true,
      "license": "MIT",
      "dependencies": {
        "esbuild": "^0.20.1",
        "postcss": "^8.4.38",
        "rollup": "^4.13.0"
      },
      "bin": {
        "vite": "bin/vite.js"
      },
      "engines": {
        "node": "^18.0.0 || >=20.0.0"
      },
      "funding": {
        "url": "https://github.com/vitejs/vite?sponsor=1"
      },
      "optionalDependencies": {
        "fsevents": "~2.3.3"
      },
      "peerDependencies": {
        "@types/node": "^18.0.0 || >=20.0.0",
        "less": "*",
        "lightningcss": "^1.21.0",
        "sass": "*",
        "stylus": "*",
        "sugarss": "*",
        "terser": "^5.4.0"
      },
      "peerDependenciesMeta": {
        "@types/node": {
          "optional": true
        },
        "less": {
          "optional": true
        },
        "lightningcss": {
          "optional": true
        },
        "sass": {
          "optional": true
        },
        "stylus": {
          "optional": true
        },
        "sugarss": {
          "optional": true
        },
        "terser": {
          "optional": true
        }
      }
    },
    "node_modules/vue": {
      "version": "3.4.21",
      "license": "MIT",
      "dependencies": {
        "@vue/compiler-dom": "3.4.21",
        "@vue/compiler-sfc": "3.4.21",
        "@vue/runtime-dom": "3.4.21",
        "@vue/server-renderer": "3.4.21",
        "@vue/shared": "3.4.21"
      },
      "peerDependencies": {
        "typescript": "*"
      },
      "peerDependenciesMeta": {
        "typescript": {
          "optional": true
        }
      }
    },
    "node_modules/vue-cal": {
      "version": "4.3.1",
      "license": "MIT",
      "funding": {
        "url": "https://github.com/sponsors/antoniandre"
      },
      "peerDependencies": {
        "vue": "^2.6.14 || ^3.2.0"
      }
    },
    "node_modules/vue-router": {
      "version": "4.3.0",
      "license": "MIT",
      "dependencies": {
        "@vue/devtools-api": "^6.5.1"
      },
      "funding": {
        "url": "https://github.com/sponsors/posva"
      },
      "peerDependencies": {
        "vue": "^3.2.0"
      }
    },
    "node_modules/vue/node_modules/@vue/compiler-sfc": {
      "version": "3.4.21",
      "license": "MIT",
      "dependencies": {
        "@babel/parser": "^7.23.9",
        "@vue/compiler-core": "3.4.21",
        "@vue/compiler-dom": "3.4.21",
        "@vue/compiler-ssr": "3.4.21",
        "@vue/shared": "3.4.21",
        "estree-walker": "^2.0.2",
        "magic-string": "^0.30.7",
        "postcss": "^8.4.35",
        "source-map-js": "^1.0.2"
      }
    },
    "node_modules/vue3-toastify": {
      "version": "0.2.1",
      "resolved": "https://registry.npmjs.org/vue3-toastify/-/vue3-toastify-0.2.1.tgz",
      "integrity": "sha512-u4i5LCu1q5qs4L4Kbjb4u8NipCS8ox1fCHQ6XFS62676xnA6Q/AJRpZEkAurTMp723LeH6eQX6k9+24bKf1T4Q==",
      "workspaces": [
        "docs",
        "playground"
      ],
      "engines": {
        "node": ">=16",
        "npm": ">=7"
      },
      "peerDependencies": {
        "vue": ">=3.2.0"
      },
      "peerDependenciesMeta": {
        "vue": {
          "optional": true
        }
      }
    },
    "node_modules/websocket-driver": {
      "version": "0.7.4",
      "license": "Apache-2.0",
      "dependencies": {
        "http-parser-js": ">=0.5.1",
        "safe-buffer": ">=5.1.0",
        "websocket-extensions": ">=0.1.1"
      },
      "engines": {
        "node": ">=0.8.0"
      }
    },
    "node_modules/websocket-extensions": {
      "version": "0.1.4",
      "license": "Apache-2.0",
      "engines": {
        "node": ">=0.8.0"
      }
    },
    "node_modules/wrap-ansi": {
      "version": "7.0.0",
      "license": "MIT",
      "dependencies": {
        "ansi-styles": "^4.0.0",
        "string-width": "^4.1.0",
        "strip-ansi": "^6.0.0"
      },
      "engines": {
        "node": ">=10"
      },
      "funding": {
        "url": "https://github.com/chalk/wrap-ansi?sponsor=1"
      }
    },
    "node_modules/y18n": {
      "version": "5.0.8",
      "license": "ISC",
      "engines": {
        "node": ">=10"
      }
    },
    "node_modules/yargs": {
      "version": "17.7.2",
      "license": "MIT",
      "dependencies": {
        "cliui": "^8.0.1",
        "escalade": "^3.1.1",
        "get-caller-file": "^2.0.5",
        "require-directory": "^2.1.1",
        "string-width": "^4.2.3",
        "y18n": "^5.0.5",
        "yargs-parser": "^21.1.1"
      },
      "engines": {
        "node": ">=12"
      }
    },
    "node_modules/yargs-parser": {
      "version": "21.1.1",
      "license": "ISC",
      "engines": {
        "node": ">=12"
      }
    }
  }
}
